// !$*UTF8*$!
{
	archiveVersion = 1;
	classes = {
	};
	objectVersion = 56;
	objects = {

/* Begin PBXBuildFile section */
		602FBA8F2D050C9D00A73FA1 /* Marinela-Gansito.webp in Resources */ = {isa = PBXBuildFile; fileRef = 602FBA8D2D050C9D00A73FA1 /* Marinela-Gansito.webp */; };
		602FBA902D050C9D00A73FA1 /* Marinela-Sponch-Marshmallow-Cookies.webp in Resources */ = {isa = PBXBuildFile; fileRef = 602FBA8E2D050C9D00A73FA1 /* Marinela-Sponch-Marshmallow-Cookies.webp */; };
		602FBA942D0519EA00A73FA1 /* RootTableViewController.swift in Sources */ = {isa = PBXBuildFile; fileRef = 602FBA932D0519EA00A73FA1 /* RootTableViewController.swift */; };
		605A56972D0508BC00E237E9 /* snacks.json in Resources */ = {isa = PBXBuildFile; fileRef = 605A56962D0508BC00E237E9 /* snacks.json */; };
		60BC9AC72CCEAA370022A50B /* AppDelegate.swift in Sources */ = {isa = PBXBuildFile; fileRef = 60BC9AC62CCEAA370022A50B /* AppDelegate.swift */; };
		60BC9AC92CCEAA370022A50B /* SceneDelegate.swift in Sources */ = {isa = PBXBuildFile; fileRef = 60BC9AC82CCEAA370022A50B /* SceneDelegate.swift */; };
		60BC9ACB2CCEAA370022A50B /* ViewController.swift in Sources */ = {isa = PBXBuildFile; fileRef = 60BC9ACA2CCEAA370022A50B /* ViewController.swift */; };
		60BC9ACE2CCEAA370022A50B /* Base in Resources */ = {isa = PBXBuildFile; fileRef = 60BC9ACD2CCEAA370022A50B /* Base */; };
		60BC9AD02CCEAA380022A50B /* Assets.xcassets in Resources */ = {isa = PBXBuildFile; fileRef = 60BC9ACF2CCEAA380022A50B /* Assets.xcassets */; };
		60BC9AD32CCEAA380022A50B /* Base in Resources */ = {isa = PBXBuildFile; fileRef = 60BC9AD22CCEAA380022A50B /* Base */; };
		60BC9ADD2CCEADB00022A50B /* after-effects-chime.mp3 in Resources */ = {isa = PBXBuildFile; fileRef = 60BC9ADC2CCEADB00022A50B /* after-effects-chime.mp3 */; };
		60BC9ADF2CCEB0590022A50B /* SnackViewController.swift in Sources */ = {isa = PBXBuildFile; fileRef = 60BC9ADE2CCEB0590022A50B /* SnackViewController.swift */; };
		60BC9AE12CCEBA6D0022A50B /* success-chime.mp3 in Resources */ = {isa = PBXBuildFile; fileRef = 60BC9AE02CCEBA6D0022A50B /* success-chime.mp3 */; };
		60BC9AE32CCEBBD70022A50B /* snackyRooModel.swift in Sources */ = {isa = PBXBuildFile; fileRef = 60BC9AE22CCEBBD70022A50B /* snackyRooModel.swift */; };
		60BC9AF32CCEE38F0022A50B /* ReminderViewController.swift in Sources */ = {isa = PBXBuildFile; fileRef = 60BC9AF22CCEE38E0022A50B /* ReminderViewController.swift */; };
		60BC9AF52CCEED630022A50B /* reminderAlarm.mp3 in Resources */ = {isa = PBXBuildFile; fileRef = 60BC9AF42CCEED630022A50B /* reminderAlarm.mp3 */; };
		60C9BB562CCF246900356A14 /* empanadas.jpeg in Resources */ = {isa = PBXBuildFile; fileRef = 60C9BB552CCF246900356A14 /* empanadas.jpeg */; };
/* End PBXBuildFile section */

/* Begin PBXFileReference section */
		602FBA8D2D050C9D00A73FA1 /* Marinela-Gansito.webp */ = {isa = PBXFileReference; lastKnownFileType = file; path = "Marinela-Gansito.webp"; sourceTree = "<group>"; };
		602FBA8E2D050C9D00A73FA1 /* Marinela-Sponch-Marshmallow-Cookies.webp */ = {isa = PBXFileReference; lastKnownFileType = file; path = "Marinela-Sponch-Marshmallow-Cookies.webp"; sourceTree = "<group>"; };
		602FBA932D0519EA00A73FA1 /* RootTableViewController.swift */ = {isa = PBXFileReference; lastKnownFileType = sourcecode.swift; path = RootTableViewController.swift; sourceTree = "<group>"; };
		605A56962D0508BC00E237E9 /* snacks.json */ = {isa = PBXFileReference; lastKnownFileType = text.json; path = snacks.json; sourceTree = "<group>"; };
		60BC9AC32CCEAA370022A50B /* SnackyRoo.app */ = {isa = PBXFileReference; explicitFileType = wrapper.application; includeInIndex = 0; path = SnackyRoo.app; sourceTree = BUILT_PRODUCTS_DIR; };
		60BC9AC62CCEAA370022A50B /* AppDelegate.swift */ = {isa = PBXFileReference; lastKnownFileType = sourcecode.swift; path = AppDelegate.swift; sourceTree = "<group>"; };
		60BC9AC82CCEAA370022A50B /* SceneDelegate.swift */ = {isa = PBXFileReference; lastKnownFileType = sourcecode.swift; path = SceneDelegate.swift; sourceTree = "<group>"; };
		60BC9ACA2CCEAA370022A50B /* ViewController.swift */ = {isa = PBXFileReference; lastKnownFileType = sourcecode.swift; path = ViewController.swift; sourceTree = "<group>"; };
		60BC9ACD2CCEAA370022A50B /* Base */ = {isa = PBXFileReference; lastKnownFileType = file.storyboard; name = Base; path = Base.lproj/Main.storyboard; sourceTree = "<group>"; };
		60BC9ACF2CCEAA380022A50B /* Assets.xcassets */ = {isa = PBXFileReference; lastKnownFileType = folder.assetcatalog; path = Assets.xcassets; sourceTree = "<group>"; };
		60BC9AD22CCEAA380022A50B /* Base */ = {isa = PBXFileReference; lastKnownFileType = file.storyboard; name = Base; path = Base.lproj/LaunchScreen.storyboard; sourceTree = "<group>"; };
		60BC9AD42CCEAA380022A50B /* Info.plist */ = {isa = PBXFileReference; lastKnownFileType = text.plist.xml; path = Info.plist; sourceTree = "<group>"; };
		60BC9ADC2CCEADB00022A50B /* after-effects-chime.mp3 */ = {isa = PBXFileReference; lastKnownFileType = audio.mp3; path = "after-effects-chime.mp3"; sourceTree = "<group>"; };
		60BC9ADE2CCEB0590022A50B /* SnackViewController.swift */ = {isa = PBXFileReference; lastKnownFileType = sourcecode.swift; path = SnackViewController.swift; sourceTree = "<group>"; };
		60BC9AE02CCEBA6D0022A50B /* success-chime.mp3 */ = {isa = PBXFileReference; lastKnownFileType = audio.mp3; path = "success-chime.mp3"; sourceTree = "<group>"; };
		60BC9AE22CCEBBD70022A50B /* snackyRooModel.swift */ = {isa = PBXFileReference; lastKnownFileType = sourcecode.swift; path = snackyRooModel.swift; sourceTree = "<group>"; };
		60BC9AF22CCEE38E0022A50B /* ReminderViewController.swift */ = {isa = PBXFileReference; lastKnownFileType = sourcecode.swift; path = ReminderViewController.swift; sourceTree = "<group>"; };
		60BC9AF42CCEED630022A50B /* reminderAlarm.mp3 */ = {isa = PBXFileReference; lastKnownFileType = audio.mp3; path = reminderAlarm.mp3; sourceTree = "<group>"; };
		60C9BB552CCF246900356A14 /* empanadas.jpeg */ = {isa = PBXFileReference; lastKnownFileType = image.jpeg; name = empanadas.jpeg; path = SnackyRoo/empanadas.jpeg; sourceTree = SOURCE_ROOT; };
/* End PBXFileReference section */

/* Begin PBXFrameworksBuildPhase section */
		60BC9AC02CCEAA370022A50B /* Frameworks */ = {
			isa = PBXFrameworksBuildPhase;
			buildActionMask = 2147483647;
			files = (
			);
			runOnlyForDeploymentPostprocessing = 0;
		};
/* End PBXFrameworksBuildPhase section */

/* Begin PBXGroup section */
		60BC9ABA2CCEAA370022A50B = {
			isa = PBXGroup;
			children = (
				60BC9AC52CCEAA370022A50B /* SnackyRoo */,
				60BC9AC42CCEAA370022A50B /* Products */,
			);
			sourceTree = "<group>";
		};
		60BC9AC42CCEAA370022A50B /* Products */ = {
			isa = PBXGroup;
			children = (
				60BC9AC32CCEAA370022A50B /* SnackyRoo.app */,
			);
			name = Products;
			sourceTree = "<group>";
		};
		60BC9AC52CCEAA370022A50B /* SnackyRoo */ = {
			isa = PBXGroup;
			children = (
				605A56962D0508BC00E237E9 /* snacks.json */,
				60C9BB512CCF201500356A14 /* Images */,
				60C9BB502CCF200100356A14 /* Sounds */,
				60BC9AC62CCEAA370022A50B /* AppDelegate.swift */,
				60BC9AC82CCEAA370022A50B /* SceneDelegate.swift */,
				60BC9AE22CCEBBD70022A50B /* snackyRooModel.swift */,
				60BC9ACA2CCEAA370022A50B /* ViewController.swift */,
				60BC9ADE2CCEB0590022A50B /* SnackViewController.swift */,
				60BC9AF22CCEE38E0022A50B /* ReminderViewController.swift */,
				60BC9ACC2CCEAA370022A50B /* Main.storyboard */,
				60BC9ACF2CCEAA380022A50B /* Assets.xcassets */,
				60BC9AD12CCEAA380022A50B /* LaunchScreen.storyboard */,
				60BC9AD42CCEAA380022A50B /* Info.plist */,
				602FBA932D0519EA00A73FA1 /* RootTableViewController.swift */,
			);
			path = SnackyRoo;
			sourceTree = "<group>";
		};
		60C9BB502CCF200100356A14 /* Sounds */ = {
			isa = PBXGroup;
			children = (
				60BC9AE02CCEBA6D0022A50B /* success-chime.mp3 */,
				60BC9ADC2CCEADB00022A50B /* after-effects-chime.mp3 */,
				60BC9AF42CCEED630022A50B /* reminderAlarm.mp3 */,
			);
			path = Sounds;
			sourceTree = "<group>";
		};
		60C9BB512CCF201500356A14 /* Images */ = {
			isa = PBXGroup;
			children = (
				602FBA8D2D050C9D00A73FA1 /* Marinela-Gansito.webp */,
				602FBA8E2D050C9D00A73FA1 /* Marinela-Sponch-Marshmallow-Cookies.webp */,
				60C9BB552CCF246900356A14 /* empanadas.jpeg */,
			);
			path = Images;
			sourceTree = "<group>";
		};
/* End PBXGroup section */

/* Begin PBXNativeTarget section */
		60BC9AC22CCEAA370022A50B /* SnackyRoo */ = {
			isa = PBXNativeTarget;
			buildConfigurationList = 60BC9AD72CCEAA380022A50B /* Build configuration list for PBXNativeTarget "SnackyRoo" */;
			buildPhases = (
				60BC9ABF2CCEAA370022A50B /* Sources */,
				60BC9AC02CCEAA370022A50B /* Frameworks */,
				60BC9AC12CCEAA370022A50B /* Resources */,
			);
			buildRules = (
			);
			dependencies = (
			);
			name = SnackyRoo;
			productName = SnackyRoo;
			productReference = 60BC9AC32CCEAA370022A50B /* SnackyRoo.app */;
			productType = "com.apple.product-type.application";
		};
/* End PBXNativeTarget section */

/* Begin PBXProject section */
		60BC9ABB2CCEAA370022A50B /* Project object */ = {
			isa = PBXProject;
			attributes = {
				BuildIndependentTargetsInParallel = 1;
				LastSwiftUpdateCheck = 1540;
				LastUpgradeCheck = 1540;
				TargetAttributes = {
					60BC9AC22CCEAA370022A50B = {
						CreatedOnToolsVersion = 15.4;
					};
				};
			};
			buildConfigurationList = 60BC9ABE2CCEAA370022A50B /* Build configuration list for PBXProject "SnackyRoo" */;
			compatibilityVersion = "Xcode 14.0";
			developmentRegion = en;
			hasScannedForEncodings = 0;
			knownRegions = (
				en,
				Base,
			);
			mainGroup = 60BC9ABA2CCEAA370022A50B;
			productRefGroup = 60BC9AC42CCEAA370022A50B /* Products */;
			projectDirPath = "";
			projectRoot = "";
			targets = (
				60BC9AC22CCEAA370022A50B /* SnackyRoo */,
			);
		};
/* End PBXProject section */

/* Begin PBXResourcesBuildPhase section */
		60BC9AC12CCEAA370022A50B /* Resources */ = {
			isa = PBXResourcesBuildPhase;
			buildActionMask = 2147483647;
			files = (
				60BC9AD02CCEAA380022A50B /* Assets.xcassets in Resources */,
				60BC9AE12CCEBA6D0022A50B /* success-chime.mp3 in Resources */,
				605A56972D0508BC00E237E9 /* snacks.json in Resources */,
				602FBA8F2D050C9D00A73FA1 /* Marinela-Gansito.webp in Resources */,
				60BC9AD32CCEAA380022A50B /* Base in Resources */,
				602FBA902D050C9D00A73FA1 /* Marinela-Sponch-Marshmallow-Cookies.webp in Resources */,
				60BC9ACE2CCEAA370022A50B /* Base in Resources */,
				60C9BB562CCF246900356A14 /* empanadas.jpeg in Resources */,
				60BC9ADD2CCEADB00022A50B /* after-effects-chime.mp3 in Resources */,
				60BC9AF52CCEED630022A50B /* reminderAlarm.mp3 in Resources */,
			);
			runOnlyForDeploymentPostprocessing = 0;
		};
/* End PBXResourcesBuildPhase section */

/* Begin PBXSourcesBuildPhase section */
		60BC9ABF2CCEAA370022A50B /* Sources */ = {
			isa = PBXSourcesBuildPhase;
			buildActionMask = 2147483647;
			files = (
				60BC9ACB2CCEAA370022A50B /* ViewController.swift in Sources */,
				60BC9AC72CCEAA370022A50B /* AppDelegate.swift in Sources */,
				60BC9AF32CCEE38F0022A50B /* ReminderViewController.swift in Sources */,
				602FBA942D0519EA00A73FA1 /* RootTableViewController.swift in Sources */,
				60BC9AE32CCEBBD70022A50B /* snackyRooModel.swift in Sources */,
				60BC9AC92CCEAA370022A50B /* SceneDelegate.swift in Sources */,
				60BC9ADF2CCEB0590022A50B /* SnackViewController.swift in Sources */,
			);
			runOnlyForDeploymentPostprocessing = 0;
		};
/* End PBXSourcesBuildPhase section */

/* Begin PBXVariantGroup section */
		60BC9ACC2CCEAA370022A50B /* Main.storyboard */ = {
			isa = PBXVariantGroup;
			children = (
				60BC9ACD2CCEAA370022A50B /* Base */,
			);
			name = Main.storyboard;
			sourceTree = "<group>";
		};
		60BC9AD12CCEAA380022A50B /* LaunchScreen.storyboard */ = {
			isa = PBXVariantGroup;
			children = (
				60BC9AD22CCEAA380022A50B /* Base */,
			);
			name = LaunchScreen.storyboard;
			sourceTree = "<group>";
		};
/* End PBXVariantGroup section */

/* Begin XCBuildConfiguration section */
		60BC9AD52CCEAA380022A50B /* Debug */ = {
			isa = XCBuildConfiguration;
			buildSettings = {
				ALWAYS_SEARCH_USER_PATHS = NO;
				ASSETCATALOG_COMPILER_GENERATE_SWIFT_ASSET_SYMBOL_EXTENSIONS = YES;
				CLANG_ANALYZER_NONNULL = YES;
				CLANG_ANALYZER_NUMBER_OBJECT_CONVERSION = YES_AGGRESSIVE;
				CLANG_CXX_LANGUAGE_STANDARD = "gnu++20";
				CLANG_ENABLE_MODULES = YES;
				CLANG_ENABLE_OBJC_ARC = YES;
				CLANG_ENABLE_OBJC_WEAK = YES;
				CLANG_WARN_BLOCK_CAPTURE_AUTORELEASING = YES;
				CLANG_WARN_BOOL_CONVERSION = YES;
				CLANG_WARN_COMMA = YES;
				CLANG_WARN_CONSTANT_CONVERSION = YES;
				CLANG_WARN_DEPRECATED_OBJC_IMPLEMENTATIONS = YES;
				CLANG_WARN_DIRECT_OBJC_ISA_USAGE = YES_ERROR;
				CLANG_WARN_DOCUMENTATION_COMMENTS = YES;
				CLANG_WARN_EMPTY_BODY = YES;
				CLANG_WARN_ENUM_CONVERSION = YES;
				CLANG_WARN_INFINITE_RECURSION = YES;
				CLANG_WARN_INT_CONVERSION = YES;
				CLANG_WARN_NON_LITERAL_NULL_CONVERSION = YES;
				CLANG_WARN_OBJC_IMPLICIT_RETAIN_SELF = YES;
				CLANG_WARN_OBJC_LITERAL_CONVERSION = YES;
				CLANG_WARN_OBJC_ROOT_CLASS = YES_ERROR;
				CLANG_WARN_QUOTED_INCLUDE_IN_FRAMEWORK_HEADER = YES;
				CLANG_WARN_RANGE_LOOP_ANALYSIS = YES;
				CLANG_WARN_STRICT_PROTOTYPES = YES;
				CLANG_WARN_SUSPICIOUS_MOVE = YES;
				CLANG_WARN_UNGUARDED_AVAILABILITY = YES_AGGRESSIVE;
				CLANG_WARN_UNREACHABLE_CODE = YES;
				CLANG_WARN__DUPLICATE_METHOD_MATCH = YES;
				COPY_PHASE_STRIP = NO;
				DEBUG_INFORMATION_FORMAT = dwarf;
				ENABLE_STRICT_OBJC_MSGSEND = YES;
				ENABLE_TESTABILITY = YES;
				ENABLE_USER_SCRIPT_SANDBOXING = YES;
				GCC_C_LANGUAGE_STANDARD = gnu17;
				GCC_DYNAMIC_NO_PIC = NO;
				GCC_NO_COMMON_BLOCKS = YES;
				GCC_OPTIMIZATION_LEVEL = 0;
				GCC_PREPROCESSOR_DEFINITIONS = (
					"DEBUG=1",
					"$(inherited)",
				);
				GCC_WARN_64_TO_32_BIT_CONVERSION = YES;
				GCC_WARN_ABOUT_RETURN_TYPE = YES_ERROR;
				GCC_WARN_UNDECLARED_SELECTOR = YES;
				GCC_WARN_UNINITIALIZED_AUTOS = YES_AGGRESSIVE;
				GCC_WARN_UNUSED_FUNCTION = YES;
				GCC_WARN_UNUSED_VARIABLE = YES;
				IPHONEOS_DEPLOYMENT_TARGET = 17.5;
				LOCALIZATION_PREFERS_STRING_CATALOGS = YES;
				MTL_ENABLE_DEBUG_INFO = INCLUDE_SOURCE;
				MTL_FAST_MATH = YES;
				ONLY_ACTIVE_ARCH = YES;
				SDKROOT = iphoneos;
				SWIFT_ACTIVE_COMPILATION_CONDITIONS = "DEBUG $(inherited)";
				SWIFT_OPTIMIZATION_LEVEL = "-Onone";
			};
			name = Debug;
		};
		60BC9AD62CCEAA380022A50B /* Release */ = {
			isa = XCBuildConfiguration;
			buildSettings = {
				ALWAYS_SEARCH_USER_PATHS = NO;
				ASSETCATALOG_COMPILER_GENERATE_SWIFT_ASSET_SYMBOL_EXTENSIONS = YES;
				CLANG_ANALYZER_NONNULL = YES;
				CLANG_ANALYZER_NUMBER_OBJECT_CONVERSION = YES_AGGRESSIVE;
				CLANG_CXX_LANGUAGE_STANDARD = "gnu++20";
				CLANG_ENABLE_MODULES = YES;
				CLANG_ENABLE_OBJC_ARC = YES;
				CLANG_ENABLE_OBJC_WEAK = YES;
				CLANG_WARN_BLOCK_CAPTURE_AUTORELEASING = YES;
				CLANG_WARN_BOOL_CONVERSION = YES;
				CLANG_WARN_COMMA = YES;
				CLANG_WARN_CONSTANT_CONVERSION = YES;
				CLANG_WARN_DEPRECATED_OBJC_IMPLEMENTATIONS = YES;
				CLANG_WARN_DIRECT_OBJC_ISA_USAGE = YES_ERROR;
				CLANG_WARN_DOCUMENTATION_COMMENTS = YES;
				CLANG_WARN_EMPTY_BODY = YES;
				CLANG_WARN_ENUM_CONVERSION = YES;
				CLANG_WARN_INFINITE_RECURSION = YES;
				CLANG_WARN_INT_CONVERSION = YES;
				CLANG_WARN_NON_LITERAL_NULL_CONVERSION = YES;
				CLANG_WARN_OBJC_IMPLICIT_RETAIN_SELF = YES;
				CLANG_WARN_OBJC_LITERAL_CONVERSION = YES;
				CLANG_WARN_OBJC_ROOT_CLASS = YES_ERROR;
				CLANG_WARN_QUOTED_INCLUDE_IN_FRAMEWORK_HEADER = YES;
				CLANG_WARN_RANGE_LOOP_ANALYSIS = YES;
				CLANG_WARN_STRICT_PROTOTYPES = YES;
				CLANG_WARN_SUSPICIOUS_MOVE = YES;
				CLANG_WARN_UNGUARDED_AVAILABILITY = YES_AGGRESSIVE;
				CLANG_WARN_UNREACHABLE_CODE = YES;
				CLANG_WARN__DUPLICATE_METHOD_MATCH = YES;
				COPY_PHASE_STRIP = NO;
				DEBUG_INFORMATION_FORMAT = "dwarf-with-dsym";
				ENABLE_NS_ASSERTIONS = NO;
				ENABLE_STRICT_OBJC_MSGSEND = YES;
				ENABLE_USER_SCRIPT_SANDBOXING = YES;
				GCC_C_LANGUAGE_STANDARD = gnu17;
				GCC_NO_COMMON_BLOCKS = YES;
				GCC_WARN_64_TO_32_BIT_CONVERSION = YES;
				GCC_WARN_ABOUT_RETURN_TYPE = YES_ERROR;
				GCC_WARN_UNDECLARED_SELECTOR = YES;
				GCC_WARN_UNINITIALIZED_AUTOS = YES_AGGRESSIVE;
				GCC_WARN_UNUSED_FUNCTION = YES;
				GCC_WARN_UNUSED_VARIABLE = YES;
				IPHONEOS_DEPLOYMENT_TARGET = 17.5;
				LOCALIZATION_PREFERS_STRING_CATALOGS = YES;
				MTL_ENABLE_DEBUG_INFO = NO;
				MTL_FAST_MATH = YES;
				SDKROOT = iphoneos;
				SWIFT_COMPILATION_MODE = wholemodule;
				VALIDATE_PRODUCT = YES;
			};
			name = Release;
		};
		60BC9AD82CCEAA380022A50B /* Debug */ = {
			isa = XCBuildConfiguration;
			buildSettings = {
				ASSETCATALOG_COMPILER_APPICON_NAME = AppIcon;
				ASSETCATALOG_COMPILER_GLOBAL_ACCENT_COLOR_NAME = AccentColor;
				CODE_SIGN_STYLE = Automatic;
				CURRENT_PROJECT_VERSION = 1;
				DEVELOPMENT_TEAM = 4WTXDFY5K5;
				GENERATE_INFOPLIST_FILE = YES;
				INFOPLIST_FILE = SnackyRoo/Info.plist;
				INFOPLIST_KEY_UIApplicationSupportsIndirectInputEvents = YES;
				INFOPLIST_KEY_UILaunchStoryboardName = LaunchScreen;
				INFOPLIST_KEY_UIMainStoryboardFile = Main;
				INFOPLIST_KEY_UISupportedInterfaceOrientations_iPad = "UIInterfaceOrientationPortrait UIInterfaceOrientationPortraitUpsideDown UIInterfaceOrientationLandscapeLeft UIInterfaceOrientationLandscapeRight";
				INFOPLIST_KEY_UISupportedInterfaceOrientations_iPhone = "UIInterfaceOrientationPortrait UIInterfaceOrientationLandscapeLeft UIInterfaceOrientationLandscapeRight";
				LD_RUNPATH_SEARCH_PATHS = (
					"$(inherited)",
					"@executable_path/Frameworks",
				);
				MARKETING_VERSION = 1.0;
				PRODUCT_BUNDLE_IDENTIFIER = edu.gmu.SnackyRoo;
				PRODUCT_NAME = "$(TARGET_NAME)";
				SWIFT_EMIT_LOC_STRINGS = YES;
				SWIFT_VERSION = 5.0;
				TARGETED_DEVICE_FAMILY = "1,2";
			};
			name = Debug;
		};
		60BC9AD92CCEAA380022A50B /* Release */ = {
			isa = XCBuildConfiguration;
			buildSettings = {
				ASSETCATALOG_COMPILER_APPICON_NAME = AppIcon;
				ASSETCATALOG_COMPILER_GLOBAL_ACCENT_COLOR_NAME = AccentColor;
				CODE_SIGN_STYLE = Automatic;
				CURRENT_PROJECT_VERSION = 1;
				DEVELOPMENT_TEAM = 4WTXDFY5K5;
				GENERATE_INFOPLIST_FILE = YES;
				INFOPLIST_FILE = SnackyRoo/Info.plist;
				INFOPLIST_KEY_UIApplicationSupportsIndirectInputEvents = YES;
				INFOPLIST_KEY_UILaunchStoryboardName = LaunchScreen;
				INFOPLIST_KEY_UIMainStoryboardFile = Main;
				INFOPLIST_KEY_UISupportedInterfaceOrientations_iPad = "UIInterfaceOrientationPortrait UIInterfaceOrientationPortraitUpsideDown UIInterfaceOrientationLandscapeLeft UIInterfaceOrientationLandscapeRight";
				INFOPLIST_KEY_UISupportedInterfaceOrientations_iPhone = "UIInterfaceOrientationPortrait UIInterfaceOrientationLandscapeLeft UIInterfaceOrientationLandscapeRight";
				LD_RUNPATH_SEARCH_PATHS = (
					"$(inherited)",
					"@executable_path/Frameworks",
				);
				MARKETING_VERSION = 1.0;
				PRODUCT_BUNDLE_IDENTIFIER = edu.gmu.SnackyRoo;
				PRODUCT_NAME = "$(TARGET_NAME)";
				SWIFT_EMIT_LOC_STRINGS = YES;
				SWIFT_VERSION = 5.0;
				TARGETED_DEVICE_FAMILY = "1,2";
			};
			name = Release;
		};
/* End XCBuildConfiguration section */

/* Begin XCConfigurationList section */
		60BC9ABE2CCEAA370022A50B /* Build configuration list for PBXProject "SnackyRoo" */ = {
			isa = XCConfigurationList;
			buildConfigurations = (
				60BC9AD52CCEAA380022A50B /* Debug */,
				60BC9AD62CCEAA380022A50B /* Release */,
			);
			defaultConfigurationIsVisible = 0;
			defaultConfigurationName = Release;
		};
		60BC9AD72CCEAA380022A50B /* Build configuration list for PBXNativeTarget "SnackyRoo" */ = {
			isa = XCConfigurationList;
			buildConfigurations = (
				60BC9AD82CCEAA380022A50B /* Debug */,
				60BC9AD92CCEAA380022A50B /* Release */,
			);
			defaultConfigurationIsVisible = 0;
			defaultConfigurationName = Release;
		};
/* End XCConfigurationList section */
	};
	rootObject = 60BC9ABB2CCEAA370022A50B /* Project object */;
}
